
Microsoft Visual Studio Solution File, Format Version 12.00
# Visual Studio 15
VisualStudioVersion = 15.0.27130.2026
MinimumVisualStudioVersion = 10.0.40219.1
Project("{FAE04EC0-301F-11D3-BF4B-00C04F79EFBC}") = "TaskOne", "TaskOne\TaskOne.csproj", "{6DDF385E-16F3-4315-9368-7077D7E89BC8}"
EndProject
Project("{FAE04EC0-301F-11D3-BF4B-00C04F79EFBC}") = "TaskTwo", "TaskTwo\TaskTwo.csproj", "{5D052421-3EC4-45FC-96AD-985D8C8C68F1}"
EndProject
Global
	GlobalSection(SolutionConfigurationPlatforms) = preSolution
		Debug|Any CPU = Debug|Any CPU
		Release|Any CPU = Release|Any CPU
	EndGlobalSection
	GlobalSection(ProjectConfigurationPlatforms) = postSolution
		{6DDF385E-16F3-4315-9368-7077D7E89BC8}.Debug|Any CPU.ActiveCfg = Debug|Any CPU
		{6DDF385E-16F3-4315-9368-7077D7E89BC8}.Debug|Any CPU.Build.0 = Debug|Any CPU
		{6DDF385E-16F3-4315-9368-7077D7E89BC8}.Release|Any CPU.ActiveCfg = Release|Any CPU
		{6DDF385E-16F3-4315-9368-7077D7E89BC8}.Release|Any CPU.Build.0 = Release|Any CPU
		{5D052421-3EC4-45FC-96AD-985D8C8C68F1}.Debug|Any CPU.ActiveCfg = Debug|Any CPU
		{5D052421-3EC4-45FC-96AD-985D8C8C68F1}.Debug|Any CPU.Build.0 = Debug|Any CPU
		{5D052421-3EC4-45FC-96AD-985D8C8C68F1}.Release|Any CPU.ActiveCfg = Release|Any CPU
		{5D052421-3EC4-45FC-96AD-985D8C8C68F1}.Release|Any CPU.Build.0 = Release|Any CPU
	EndGlobalSection
	GlobalSection(SolutionProperties) = preSolution
		HideSolutionNode = FALSE
	EndGlobalSection
	GlobalSection(ExtensibilityGlobals) = postSolution
		SolutionGuid = {0C0CF760-14D3-4D7E-8FA1-7731C2BCD532}
	EndGlobalSection
EndGlobal
